
Microsoft Visual Studio Solution File, Format Version 12.00
# Visual Studio Version 16
VisualStudioVersion = 16.0.30907.101
MinimumVisualStudioVersion = 10.0.40219.1
Project("{2150E333-8FDC-42A3-9474-1A3956D46DE8}") = "Services", "Services", "{3E030BCB-25CB-44AA-A6B7-45141F29D22A}"
EndProject
Project("{2150E333-8FDC-42A3-9474-1A3956D46DE8}") = "Catalog", "Catalog", "{1966AA81-71EF-482F-BC60-60BC38F80627}"
EndProject
Project("{9A19103F-16F7-4668-BE54-9A1E7A4F7556}") = "Catalog.API", "Services\Catalog\Catalog.API\Catalog.API.csproj", "{88D56BC8-D333-4217-B267-BCF31677E28A}"
EndProject
Project("{E53339B2-1760-4266-BCC7-CA923CBCF16C}") = "docker-compose", "docker-compose.dcproj", "{D8278EF1-B548-4229-84E9-35BFB3E6851E}"
EndProject
Project("{2150E333-8FDC-42A3-9474-1A3956D46DE8}") = "Basket", "Basket", "{4B3F8951-1277-4887-B03F-A294A009F724}"
EndProject
Project("{FAE04EC0-301F-11D3-BF4B-00C04F79EFBC}") = "Basket.API", "Services\Basket\Basket.API\Basket.API.csproj", "{8194A351-756D-4BA0-ADE6-0D16DACDA6B2}"
EndProject
Project("{2150E333-8FDC-42A3-9474-1A3956D46DE8}") = "Discount", "Discount", "{4E9C6DD5-7041-4ECF-B593-115306F9D419}"
EndProject
Project("{FAE04EC0-301F-11D3-BF4B-00C04F79EFBC}") = "Discount.API", "Services\Discount\Discount.API\Discount.API.csproj", "{5BA4FDD3-9C1C-42BA-8FE8-496712E755C1}"
EndProject
Project("{FAE04EC0-301F-11D3-BF4B-00C04F79EFBC}") = "Discount.Grpc", "Services\Discount\Discount.Grpc\Discount.Grpc.csproj", "{B53DE5D9-CD37-42C3-B919-4E006AF15DE7}"
EndProject
Global
	GlobalSection(SolutionConfigurationPlatforms) = preSolution
		Debug|Any CPU = Debug|Any CPU
		Release|Any CPU = Release|Any CPU
	EndGlobalSection
	GlobalSection(ProjectConfigurationPlatforms) = postSolution
		{88D56BC8-D333-4217-B267-BCF31677E28A}.Debug|Any CPU.ActiveCfg = Debug|Any CPU
		{88D56BC8-D333-4217-B267-BCF31677E28A}.Debug|Any CPU.Build.0 = Debug|Any CPU
		{88D56BC8-D333-4217-B267-BCF31677E28A}.Release|Any CPU.ActiveCfg = Release|Any CPU
		{88D56BC8-D333-4217-B267-BCF31677E28A}.Release|Any CPU.Build.0 = Release|Any CPU
		{D8278EF1-B548-4229-84E9-35BFB3E6851E}.Debug|Any CPU.ActiveCfg = Debug|Any CPU
		{D8278EF1-B548-4229-84E9-35BFB3E6851E}.Debug|Any CPU.Build.0 = Debug|Any CPU
		{D8278EF1-B548-4229-84E9-35BFB3E6851E}.Release|Any CPU.ActiveCfg = Release|Any CPU
		{D8278EF1-B548-4229-84E9-35BFB3E6851E}.Release|Any CPU.Build.0 = Release|Any CPU
		{8194A351-756D-4BA0-ADE6-0D16DACDA6B2}.Debug|Any CPU.ActiveCfg = Debug|Any CPU
		{8194A351-756D-4BA0-ADE6-0D16DACDA6B2}.Debug|Any CPU.Build.0 = Debug|Any CPU
		{8194A351-756D-4BA0-ADE6-0D16DACDA6B2}.Release|Any CPU.ActiveCfg = Release|Any CPU
		{8194A351-756D-4BA0-ADE6-0D16DACDA6B2}.Release|Any CPU.Build.0 = Release|Any CPU
		{5BA4FDD3-9C1C-42BA-8FE8-496712E755C1}.Debug|Any CPU.ActiveCfg = Debug|Any CPU
		{5BA4FDD3-9C1C-42BA-8FE8-496712E755C1}.Debug|Any CPU.Build.0 = Debug|Any CPU
		{5BA4FDD3-9C1C-42BA-8FE8-496712E755C1}.Release|Any CPU.ActiveCfg = Release|Any CPU
		{5BA4FDD3-9C1C-42BA-8FE8-496712E755C1}.Release|Any CPU.Build.0 = Release|Any CPU
		{B53DE5D9-CD37-42C3-B919-4E006AF15DE7}.Debug|Any CPU.ActiveCfg = Debug|Any CPU
		{B53DE5D9-CD37-42C3-B919-4E006AF15DE7}.Debug|Any CPU.Build.0 = Debug|Any CPU
		{B53DE5D9-CD37-42C3-B919-4E006AF15DE7}.Release|Any CPU.ActiveCfg = Release|Any CPU
		{B53DE5D9-CD37-42C3-B919-4E006AF15DE7}.Release|Any CPU.Build.0 = Release|Any CPU
	EndGlobalSection
	GlobalSection(SolutionProperties) = preSolution
		HideSolutionNode = FALSE
	EndGlobalSection
	GlobalSection(NestedProjects) = preSolution
		{1966AA81-71EF-482F-BC60-60BC38F80627} = {3E030BCB-25CB-44AA-A6B7-45141F29D22A}
		{88D56BC8-D333-4217-B267-BCF31677E28A} = {1966AA81-71EF-482F-BC60-60BC38F80627}
		{4B3F8951-1277-4887-B03F-A294A009F724} = {3E030BCB-25CB-44AA-A6B7-45141F29D22A}
		{8194A351-756D-4BA0-ADE6-0D16DACDA6B2} = {4B3F8951-1277-4887-B03F-A294A009F724}
		{4E9C6DD5-7041-4ECF-B593-115306F9D419} = {3E030BCB-25CB-44AA-A6B7-45141F29D22A}
		{5BA4FDD3-9C1C-42BA-8FE8-496712E755C1} = {4E9C6DD5-7041-4ECF-B593-115306F9D419}
		{B53DE5D9-CD37-42C3-B919-4E006AF15DE7} = {4E9C6DD5-7041-4ECF-B593-115306F9D419}
	EndGlobalSection
	GlobalSection(ExtensibilityGlobals) = postSolution
		SolutionGuid = {8AF7870A-3693-4394-B26C-7E3CFE59F027}
	EndGlobalSection
EndGlobal
